// !$*UTF8*$!
{
	archiveVersion = 1;
	classes = {
	};
	objectVersion = 55;
	objects = {

/* Begin PBXBuildFile section */
		ED67B1A52757AAF00060A847 /* NSideMenuAppApp.swift in Sources */ = {isa = PBXBuildFile; fileRef = ED67B1A42757AAF00060A847 /* NSideMenuAppApp.swift */; };
		ED67B1A72757AAF00060A847 /* ContentView.swift in Sources */ = {isa = PBXBuildFile; fileRef = ED67B1A62757AAF00060A847 /* ContentView.swift */; };
		ED67B1A92757AAF20060A847 /* Assets.xcassets in Resources */ = {isa = PBXBuildFile; fileRef = ED67B1A82757AAF20060A847 /* Assets.xcassets */; };
		ED67B1AC2757AAF20060A847 /* Preview Assets.xcassets in Resources */ = {isa = PBXBuildFile; fileRef = ED67B1AB2757AAF20060A847 /* Preview Assets.xcassets */; };
		ED67B1B62757AAF20060A847 /* NSideMenuAppTests.swift in Sources */ = {isa = PBXBuildFile; fileRef = ED67B1B52757AAF20060A847 /* NSideMenuAppTests.swift */; };
		ED67B1C02757AAF20060A847 /* NSideMenuAppUITests.swift in Sources */ = {isa = PBXBuildFile; fileRef = ED67B1BF2757AAF20060A847 /* NSideMenuAppUITests.swift */; };
		ED67B1C22757AAF20060A847 /* NSideMenuAppUITestsLaunchTests.swift in Sources */ = {isa = PBXBuildFile; fileRef = ED67B1C12757AAF20060A847 /* NSideMenuAppUITestsLaunchTests.swift */; };
		ED69B26527597CDA008C0FF3 /* MenuView.swift in Sources */ = {isa = PBXBuildFile; fileRef = ED69B26427597CDA008C0FF3 /* MenuView.swift */; };
		ED69B267275985B8008C0FF3 /* HomeView.swift in Sources */ = {isa = PBXBuildFile; fileRef = ED69B266275985B8008C0FF3 /* HomeView.swift */; };
		EDF75272275A66A600D45A36 /* NSideMenu in Frameworks */ = {isa = PBXBuildFile; productRef = EDF75271275A66A600D45A36 /* NSideMenu */; };
		EDF75274275A679800D45A36 /* README.md in Resources */ = {isa = PBXBuildFile; fileRef = EDF75273275A679800D45A36 /* README.md */; };
/* End PBXBuildFile section */

/* Begin PBXContainerItemProxy section */
		ED67B1B22757AAF20060A847 /* PBXContainerItemProxy */ = {
			isa = PBXContainerItemProxy;
			containerPortal = ED67B1992757AAF00060A847 /* Project object */;
			proxyType = 1;
			remoteGlobalIDString = ED67B1A02757AAF00060A847;
			remoteInfo = NSideMenuApp;
		};
		ED67B1BC2757AAF20060A847 /* PBXContainerItemProxy */ = {
			isa = PBXContainerItemProxy;
			containerPortal = ED67B1992757AAF00060A847 /* Project object */;
			proxyType = 1;
			remoteGlobalIDString = ED67B1A02757AAF00060A847;
			remoteInfo = NSideMenuApp;
		};
/* End PBXContainerItemProxy section */

/* Begin PBXFileReference section */
		ED67B1A12757AAF00060A847 /* NSideMenuApp.app */ = {isa = PBXFileReference; explicitFileType = wrapper.application; includeInIndex = 0; path = NSideMenuApp.app; sourceTree = BUILT_PRODUCTS_DIR; };
		ED67B1A42757AAF00060A847 /* NSideMenuAppApp.swift */ = {isa = PBXFileReference; lastKnownFileType = sourcecode.swift; path = NSideMenuAppApp.swift; sourceTree = "<group>"; };
		ED67B1A62757AAF00060A847 /* ContentView.swift */ = {isa = PBXFileReference; lastKnownFileType = sourcecode.swift; path = ContentView.swift; sourceTree = "<group>"; };
		ED67B1A82757AAF20060A847 /* Assets.xcassets */ = {isa = PBXFileReference; lastKnownFileType = folder.assetcatalog; path = Assets.xcassets; sourceTree = "<group>"; };
		ED67B1AB2757AAF20060A847 /* Preview Assets.xcassets */ = {isa = PBXFileReference; lastKnownFileType = folder.assetcatalog; path = "Preview Assets.xcassets"; sourceTree = "<group>"; };
		ED67B1B12757AAF20060A847 /* NSideMenuAppTests.xctest */ = {isa = PBXFileReference; explicitFileType = wrapper.cfbundle; includeInIndex = 0; path = NSideMenuAppTests.xctest; sourceTree = BUILT_PRODUCTS_DIR; };
		ED67B1B52757AAF20060A847 /* NSideMenuAppTests.swift */ = {isa = PBXFileReference; lastKnownFileType = sourcecode.swift; path = NSideMenuAppTests.swift; sourceTree = "<group>"; };
		ED67B1BB2757AAF20060A847 /* NSideMenuAppUITests.xctest */ = {isa = PBXFileReference; explicitFileType = wrapper.cfbundle; includeInIndex = 0; path = NSideMenuAppUITests.xctest; sourceTree = BUILT_PRODUCTS_DIR; };
		ED67B1BF2757AAF20060A847 /* NSideMenuAppUITests.swift */ = {isa = PBXFileReference; lastKnownFileType = sourcecode.swift; path = NSideMenuAppUITests.swift; sourceTree = "<group>"; };
		ED67B1C12757AAF20060A847 /* NSideMenuAppUITestsLaunchTests.swift */ = {isa = PBXFileReference; lastKnownFileType = sourcecode.swift; path = NSideMenuAppUITestsLaunchTests.swift; sourceTree = "<group>"; };
		ED69B26427597CDA008C0FF3 /* MenuView.swift */ = {isa = PBXFileReference; lastKnownFileType = sourcecode.swift; path = MenuView.swift; sourceTree = "<group>"; };
		ED69B266275985B8008C0FF3 /* HomeView.swift */ = {isa = PBXFileReference; lastKnownFileType = sourcecode.swift; path = HomeView.swift; sourceTree = "<group>"; };
		EDF75273275A679800D45A36 /* README.md */ = {isa = PBXFileReference; fileEncoding = 4; lastKnownFileType = net.daringfireball.markdown; path = README.md; sourceTree = "<group>"; };
/* End PBXFileReference section */

/* Begin PBXFrameworksBuildPhase section */
		ED67B19E2757AAF00060A847 /* Frameworks */ = {
			isa = PBXFrameworksBuildPhase;
			buildActionMask = 2147483647;
			files = (
				EDF75272275A66A600D45A36 /* NSideMenu in Frameworks */,
			);
			runOnlyForDeploymentPostprocessing = 0;
		};
		ED67B1AE2757AAF20060A847 /* Frameworks */ = {
			isa = PBXFrameworksBuildPhase;
			buildActionMask = 2147483647;
			files = (
			);
			runOnlyForDeploymentPostprocessing = 0;
		};
		ED67B1B82757AAF20060A847 /* Frameworks */ = {
			isa = PBXFrameworksBuildPhase;
			buildActionMask = 2147483647;
			files = (
			);
			runOnlyForDeploymentPostprocessing = 0;
		};
/* End PBXFrameworksBuildPhase section */

/* Begin PBXGroup section */
		ED67B1982757AAF00060A847 = {
			isa = PBXGroup;
			children = (
				EDF75273275A679800D45A36 /* README.md */,
				ED67B1A32757AAF00060A847 /* NSideMenuApp */,
				ED67B1B42757AAF20060A847 /* NSideMenuAppTests */,
				ED67B1BE2757AAF20060A847 /* NSideMenuAppUITests */,
				ED67B1A22757AAF00060A847 /* Products */,
				ED6B1BED2757D2F40082921A /* Frameworks */,
			);
			sourceTree = "<group>";
		};
		ED67B1A22757AAF00060A847 /* Products */ = {
			isa = PBXGroup;
			children = (
				ED67B1A12757AAF00060A847 /* NSideMenuApp.app */,
				ED67B1B12757AAF20060A847 /* NSideMenuAppTests.xctest */,
				ED67B1BB2757AAF20060A847 /* NSideMenuAppUITests.xctest */,
			);
			name = Products;
			sourceTree = "<group>";
		};
		ED67B1A32757AAF00060A847 /* NSideMenuApp */ = {
			isa = PBXGroup;
			children = (
				ED67B1A42757AAF00060A847 /* NSideMenuAppApp.swift */,
				ED69B26427597CDA008C0FF3 /* MenuView.swift */,
				ED69B266275985B8008C0FF3 /* HomeView.swift */,
				ED67B1A62757AAF00060A847 /* ContentView.swift */,
				ED67B1A82757AAF20060A847 /* Assets.xcassets */,
				ED67B1AA2757AAF20060A847 /* Preview Content */,
			);
			path = NSideMenuApp;
			sourceTree = "<group>";
		};
		ED67B1AA2757AAF20060A847 /* Preview Content */ = {
			isa = PBXGroup;
			children = (
				ED67B1AB2757AAF20060A847 /* Preview Assets.xcassets */,
			);
			path = "Preview Content";
			sourceTree = "<group>";
		};
		ED67B1B42757AAF20060A847 /* NSideMenuAppTests */ = {
			isa = PBXGroup;
			children = (
				ED67B1B52757AAF20060A847 /* NSideMenuAppTests.swift */,
			);
			path = NSideMenuAppTests;
			sourceTree = "<group>";
		};
		ED67B1BE2757AAF20060A847 /* NSideMenuAppUITests */ = {
			isa = PBXGroup;
			children = (
				ED67B1BF2757AAF20060A847 /* NSideMenuAppUITests.swift */,
				ED67B1C12757AAF20060A847 /* NSideMenuAppUITestsLaunchTests.swift */,
			);
			path = NSideMenuAppUITests;
			sourceTree = "<group>";
		};
		ED6B1BED2757D2F40082921A /* Frameworks */ = {
			isa = PBXGroup;
			children = (
			);
			name = Frameworks;
			sourceTree = "<group>";
		};
/* End PBXGroup section */

/* Begin PBXNativeTarget section */
		ED67B1A02757AAF00060A847 /* NSideMenuApp */ = {
			isa = PBXNativeTarget;
			buildConfigurationList = ED67B1C52757AAF20060A847 /* Build configuration list for PBXNativeTarget "NSideMenuApp" */;
			buildPhases = (
				ED67B19D2757AAF00060A847 /* Sources */,
				ED67B19E2757AAF00060A847 /* Frameworks */,
				ED67B19F2757AAF00060A847 /* Resources */,
			);
			buildRules = (
			);
			dependencies = (
			);
			name = NSideMenuApp;
			packageProductDependencies = (
				EDF75271275A66A600D45A36 /* NSideMenu */,
			);
			productName = NSideMenuApp;
			productReference = ED67B1A12757AAF00060A847 /* NSideMenuApp.app */;
			productType = "com.apple.product-type.application";
		};
		ED67B1B02757AAF20060A847 /* NSideMenuAppTests */ = {
			isa = PBXNativeTarget;
			buildConfigurationList = ED67B1C82757AAF20060A847 /* Build configuration list for PBXNativeTarget "NSideMenuAppTests" */;
			buildPhases = (
				ED67B1AD2757AAF20060A847 /* Sources */,
				ED67B1AE2757AAF20060A847 /* Frameworks */,
				ED67B1AF2757AAF20060A847 /* Resources */,
			);
			buildRules = (
			);
			dependencies = (
				ED67B1B32757AAF20060A847 /* PBXTargetDependency */,
			);
			name = NSideMenuAppTests;
			productName = NSideMenuAppTests;
			productReference = ED67B1B12757AAF20060A847 /* NSideMenuAppTests.xctest */;
			productType = "com.apple.product-type.bundle.unit-test";
		};
		ED67B1BA2757AAF20060A847 /* NSideMenuAppUITests */ = {
			isa = PBXNativeTarget;
			buildConfigurationList = ED67B1CB2757AAF20060A847 /* Build configuration list for PBXNativeTarget "NSideMenuAppUITests" */;
			buildPhases = (
				ED67B1B72757AAF20060A847 /* Sources */,
				ED67B1B82757AAF20060A847 /* Frameworks */,
				ED67B1B92757AAF20060A847 /* Resources */,
			);
			buildRules = (
			);
			dependencies = (
				ED67B1BD2757AAF20060A847 /* PBXTargetDependency */,
			);
			name = NSideMenuAppUITests;
			productName = NSideMenuAppUITests;
			productReference = ED67B1BB2757AAF20060A847 /* NSideMenuAppUITests.xctest */;
			productType = "com.apple.product-type.bundle.ui-testing";
		};
/* End PBXNativeTarget section */

/* Begin PBXProject section */
		ED67B1992757AAF00060A847 /* Project object */ = {
			isa = PBXProject;
			attributes = {
				BuildIndependentTargetsInParallel = 1;
				LastSwiftUpdateCheck = 1310;
				LastUpgradeCheck = 1310;
				TargetAttributes = {
					ED67B1A02757AAF00060A847 = {
						CreatedOnToolsVersion = 13.1;
					};
					ED67B1B02757AAF20060A847 = {
						CreatedOnToolsVersion = 13.1;
						TestTargetID = ED67B1A02757AAF00060A847;
					};
					ED67B1BA2757AAF20060A847 = {
						CreatedOnToolsVersion = 13.1;
						TestTargetID = ED67B1A02757AAF00060A847;
					};
				};
			};
			buildConfigurationList = ED67B19C2757AAF00060A847 /* Build configuration list for PBXProject "NSideMenuApp" */;
			compatibilityVersion = "Xcode 13.0";
			developmentRegion = en;
			hasScannedForEncodings = 0;
			knownRegions = (
				en,
				Base,
			);
			mainGroup = ED67B1982757AAF00060A847;
			packageReferences = (
				EDF75270275A66A600D45A36 /* XCRemoteSwiftPackageReference "NSideMenu" */,
			);
			productRefGroup = ED67B1A22757AAF00060A847 /* Products */;
			projectDirPath = "";
			projectRoot = "";
			targets = (
				ED67B1A02757AAF00060A847 /* NSideMenuApp */,
				ED67B1B02757AAF20060A847 /* NSideMenuAppTests */,
				ED67B1BA2757AAF20060A847 /* NSideMenuAppUITests */,
			);
		};
/* End PBXProject section */

/* Begin PBXResourcesBuildPhase section */
		ED67B19F2757AAF00060A847 /* Resources */ = {
			isa = PBXResourcesBuildPhase;
			buildActionMask = 2147483647;
			files = (
				EDF75274275A679800D45A36 /* README.md in Resources */,
				ED67B1AC2757AAF20060A847 /* Preview Assets.xcassets in Resources */,
				ED67B1A92757AAF20060A847 /* Assets.xcassets in Resources */,
			);
			runOnlyForDeploymentPostprocessing = 0;
		};
		ED67B1AF2757AAF20060A847 /* Resources */ = {
			isa = PBXResourcesBuildPhase;
			buildActionMask = 2147483647;
			files = (
			);
			runOnlyForDeploymentPostprocessing = 0;
		};
		ED67B1B92757AAF20060A847 /* Resources */ = {
			isa = PBXResourcesBuildPhase;
			buildActionMask = 2147483647;
			files = (
			);
			runOnlyForDeploymentPostprocessing = 0;
		};
/* End PBXResourcesBuildPhase section */

/* Begin PBXSourcesBuildPhase section */
		ED67B19D2757AAF00060A847 /* Sources */ = {
			isa = PBXSourcesBuildPhase;
			buildActionMask = 2147483647;
			files = (
				ED67B1A72757AAF00060A847 /* ContentView.swift in Sources */,
				ED69B267275985B8008C0FF3 /* HomeView.swift in Sources */,
				ED69B26527597CDA008C0FF3 /* MenuView.swift in Sources */,
				ED67B1A52757AAF00060A847 /* NSideMenuAppApp.swift in Sources */,
			);
			runOnlyForDeploymentPostprocessing = 0;
		};
		ED67B1AD2757AAF20060A847 /* Sources */ = {
			isa = PBXSourcesBuildPhase;
			buildActionMask = 2147483647;
			files = (
				ED67B1B62757AAF20060A847 /* NSideMenuAppTests.swift in Sources */,
			);
			runOnlyForDeploymentPostprocessing = 0;
		};
		ED67B1B72757AAF20060A847 /* Sources */ = {
			isa = PBXSourcesBuildPhase;
			buildActionMask = 2147483647;
			files = (
				ED67B1C02757AAF20060A847 /* NSideMenuAppUITests.swift in Sources */,
				ED67B1C22757AAF20060A847 /* NSideMenuAppUITestsLaunchTests.swift in Sources */,
			);
			runOnlyForDeploymentPostprocessing = 0;
		};
/* End PBXSourcesBuildPhase section */

/* Begin PBXTargetDependency section */
		ED67B1B32757AAF20060A847 /* PBXTargetDependency */ = {
			isa = PBXTargetDependency;
			target = ED67B1A02757AAF00060A847 /* NSideMenuApp */;
			targetProxy = ED67B1B22757AAF20060A847 /* PBXContainerItemProxy */;
		};
		ED67B1BD2757AAF20060A847 /* PBXTargetDependency */ = {
			isa = PBXTargetDependency;
			target = ED67B1A02757AAF00060A847 /* NSideMenuApp */;
			targetProxy = ED67B1BC2757AAF20060A847 /* PBXContainerItemProxy */;
		};
/* End PBXTargetDependency section */

/* Begin XCBuildConfiguration section */
		ED67B1C32757AAF20060A847 /* Debug */ = {
			isa = XCBuildConfiguration;
			buildSettings = {
				ALWAYS_SEARCH_USER_PATHS = NO;
				CLANG_ANALYZER_NONNULL = YES;
				CLANG_ANALYZER_NUMBER_OBJECT_CONVERSION = YES_AGGRESSIVE;
				CLANG_CXX_LANGUAGE_STANDARD = "gnu++17";
				CLANG_CXX_LIBRARY = "libc++";
				CLANG_ENABLE_MODULES = YES;
				CLANG_ENABLE_OBJC_ARC = YES;
				CLANG_ENABLE_OBJC_WEAK = YES;
				CLANG_WARN_BLOCK_CAPTURE_AUTORELEASING = YES;
				CLANG_WARN_BOOL_CONVERSION = YES;
				CLANG_WARN_COMMA = YES;
				CLANG_WARN_CONSTANT_CONVERSION = YES;
				CLANG_WARN_DEPRECATED_OBJC_IMPLEMENTATIONS = YES;
				CLANG_WARN_DIRECT_OBJC_ISA_USAGE = YES_ERROR;
				CLANG_WARN_DOCUMENTATION_COMMENTS = YES;
				CLANG_WARN_EMPTY_BODY = YES;
				CLANG_WARN_ENUM_CONVERSION = YES;
				CLANG_WARN_INFINITE_RECURSION = YES;
				CLANG_WARN_INT_CONVERSION = YES;
				CLANG_WARN_NON_LITERAL_NULL_CONVERSION = YES;
				CLANG_WARN_OBJC_IMPLICIT_RETAIN_SELF = YES;
				CLANG_WARN_OBJC_LITERAL_CONVERSION = YES;
				CLANG_WARN_OBJC_ROOT_CLASS = YES_ERROR;
				CLANG_WARN_QUOTED_INCLUDE_IN_FRAMEWORK_HEADER = YES;
				CLANG_WARN_RANGE_LOOP_ANALYSIS = YES;
				CLANG_WARN_STRICT_PROTOTYPES = YES;
				CLANG_WARN_SUSPICIOUS_MOVE = YES;
				CLANG_WARN_UNGUARDED_AVAILABILITY = YES_AGGRESSIVE;
				CLANG_WARN_UNREACHABLE_CODE = YES;
				CLANG_WARN__DUPLICATE_METHOD_MATCH = YES;
				COPY_PHASE_STRIP = NO;
				DEBUG_INFORMATION_FORMAT = dwarf;
				ENABLE_STRICT_OBJC_MSGSEND = YES;
				ENABLE_TESTABILITY = YES;
				GCC_C_LANGUAGE_STANDARD = gnu11;
				GCC_DYNAMIC_NO_PIC = NO;
				GCC_NO_COMMON_BLOCKS = YES;
				GCC_OPTIMIZATION_LEVEL = 0;
				GCC_PREPROCESSOR_DEFINITIONS = (
					"DEBUG=1",
					"$(inherited)",
				);
				GCC_WARN_64_TO_32_BIT_CONVERSION = YES;
				GCC_WARN_ABOUT_RETURN_TYPE = YES_ERROR;
				GCC_WARN_UNDECLARED_SELECTOR = YES;
				GCC_WARN_UNINITIALIZED_AUTOS = YES_AGGRESSIVE;
				GCC_WARN_UNUSED_FUNCTION = YES;
				GCC_WARN_UNUSED_VARIABLE = YES;
				IPHONEOS_DEPLOYMENT_TARGET = 15.0;
				MTL_ENABLE_DEBUG_INFO = INCLUDE_SOURCE;
				MTL_FAST_MATH = YES;
				ONLY_ACTIVE_ARCH = YES;
				SDKROOT = iphoneos;
				SWIFT_ACTIVE_COMPILATION_CONDITIONS = DEBUG;
				SWIFT_OPTIMIZATION_LEVEL = "-Onone";
			};
			name = Debug;
		};
		ED67B1C42757AAF20060A847 /* Release */ = {
			isa = XCBuildConfiguration;
			buildSettings = {
				ALWAYS_SEARCH_USER_PATHS = NO;
				CLANG_ANALYZER_NONNULL = YES;
				CLANG_ANALYZER_NUMBER_OBJECT_CONVERSION = YES_AGGRESSIVE;
				CLANG_CXX_LANGUAGE_STANDARD = "gnu++17";
				CLANG_CXX_LIBRARY = "libc++";
				CLANG_ENABLE_MODULES = YES;
				CLANG_ENABLE_OBJC_ARC = YES;
				CLANG_ENABLE_OBJC_WEAK = YES;
				CLANG_WARN_BLOCK_CAPTURE_AUTORELEASING = YES;
				CLANG_WARN_BOOL_CONVERSION = YES;
				CLANG_WARN_COMMA = YES;
				CLANG_WARN_CONSTANT_CONVERSION = YES;
				CLANG_WARN_DEPRECATED_OBJC_IMPLEMENTATIONS = YES;
				CLANG_WARN_DIRECT_OBJC_ISA_USAGE = YES_ERROR;
				CLANG_WARN_DOCUMENTATION_COMMENTS = YES;
				CLANG_WARN_EMPTY_BODY = YES;
				CLANG_WARN_ENUM_CONVERSION = YES;
				CLANG_WARN_INFINITE_RECURSION = YES;
				CLANG_WARN_INT_CONVERSION = YES;
				CLANG_WARN_NON_LITERAL_NULL_CONVERSION = YES;
				CLANG_WARN_OBJC_IMPLICIT_RETAIN_SELF = YES;
				CLANG_WARN_OBJC_LITERAL_CONVERSION = YES;
				CLANG_WARN_OBJC_ROOT_CLASS = YES_ERROR;
				CLANG_WARN_QUOTED_INCLUDE_IN_FRAMEWORK_HEADER = YES;
				CLANG_WARN_RANGE_LOOP_ANALYSIS = YES;
				CLANG_WARN_STRICT_PROTOTYPES = YES;
				CLANG_WARN_SUSPICIOUS_MOVE = YES;
				CLANG_WARN_UNGUARDED_AVAILABILITY = YES_AGGRESSIVE;
				CLANG_WARN_UNREACHABLE_CODE = YES;
				CLANG_WARN__DUPLICATE_METHOD_MATCH = YES;
				COPY_PHASE_STRIP = NO;
				DEBUG_INFORMATION_FORMAT = "dwarf-with-dsym";
				ENABLE_NS_ASSERTIONS = NO;
				ENABLE_STRICT_OBJC_MSGSEND = YES;
				GCC_C_LANGUAGE_STANDARD = gnu11;
				GCC_NO_COMMON_BLOCKS = YES;
				GCC_WARN_64_TO_32_BIT_CONVERSION = YES;
				GCC_WARN_ABOUT_RETURN_TYPE = YES_ERROR;
				GCC_WARN_UNDECLARED_SELECTOR = YES;
				GCC_WARN_UNINITIALIZED_AUTOS = YES_AGGRESSIVE;
				GCC_WARN_UNUSED_FUNCTION = YES;
				GCC_WARN_UNUSED_VARIABLE = YES;
				IPHONEOS_DEPLOYMENT_TARGET = 15.0;
				MTL_ENABLE_DEBUG_INFO = NO;
				MTL_FAST_MATH = YES;
				SDKROOT = iphoneos;
				SWIFT_COMPILATION_MODE = wholemodule;
				SWIFT_OPTIMIZATION_LEVEL = "-O";
				VALIDATE_PRODUCT = YES;
			};
			name = Release;
		};
		ED67B1C62757AAF20060A847 /* Debug */ = {
			isa = XCBuildConfiguration;
			buildSettings = {
				ASSETCATALOG_COMPILER_APPICON_NAME = AppIcon;
				ASSETCATALOG_COMPILER_GLOBAL_ACCENT_COLOR_NAME = AccentColor;
				CODE_SIGN_STYLE = Automatic;
				CURRENT_PROJECT_VERSION = 1;
				DEVELOPMENT_ASSET_PATHS = "\"NSideMenuApp/Preview Content\"";
				DEVELOPMENT_TEAM = V7SAGDD57A;
				ENABLE_PREVIEWS = YES;
				GENERATE_INFOPLIST_FILE = YES;
				INFOPLIST_KEY_UIApplicationSceneManifest_Generation = YES;
				INFOPLIST_KEY_UIApplicationSupportsIndirectInputEvents = YES;
				INFOPLIST_KEY_UILaunchScreen_Generation = YES;
				INFOPLIST_KEY_UISupportedInterfaceOrientations = UIInterfaceOrientationPortrait;
				INFOPLIST_KEY_UISupportedInterfaceOrientations_iPad = "UIInterfaceOrientationPortrait UIInterfaceOrientationPortraitUpsideDown UIInterfaceOrientationLandscapeLeft UIInterfaceOrientationLandscapeRight";
				INFOPLIST_KEY_UISupportedInterfaceOrientations_iPhone = "UIInterfaceOrientationPortrait UIInterfaceOrientationLandscapeLeft UIInterfaceOrientationLandscapeRight";
				LD_RUNPATH_SEARCH_PATHS = (
					"$(inherited)",
					"@executable_path/Frameworks",
				);
				MARKETING_VERSION = 1.0;
				PRODUCT_BUNDLE_IDENTIFIER = com.itisnajim.NSideMenuApp;
				PRODUCT_NAME = "$(TARGET_NAME)";
				SWIFT_EMIT_LOC_STRINGS = YES;
				SWIFT_VERSION = 5.0;
				TARGETED_DEVICE_FAMILY = "1,2";
			};
			name = Debug;
		};
		ED67B1C72757AAF20060A847 /* Release */ = {
			isa = XCBuildConfiguration;
			buildSettings = {
				ASSETCATALOG_COMPILER_APPICON_NAME = AppIcon;
				ASSETCATALOG_COMPILER_GLOBAL_ACCENT_COLOR_NAME = AccentColor;
				CODE_SIGN_STYLE = Automatic;
				CURRENT_PROJECT_VERSION = 1;
				DEVELOPMENT_ASSET_PATHS = "\"NSideMenuApp/Preview Content\"";
				DEVELOPMENT_TEAM = V7SAGDD57A;
				ENABLE_PREVIEWS = YES;
				GENERATE_INFOPLIST_FILE = YES;
				INFOPLIST_KEY_UIApplicationSceneManifest_Generation = YES;
				INFOPLIST_KEY_UIApplicationSupportsIndirectInputEvents = YES;
				INFOPLIST_KEY_UILaunchScreen_Generation = YES;
				INFOPLIST_KEY_UISupportedInterfaceOrientations = UIInterfaceOrientationPortrait;
				INFOPLIST_KEY_UISupportedInterfaceOrientations_iPad = "UIInterfaceOrientationPortrait UIInterfaceOrientationPortraitUpsideDown UIInterfaceOrientationLandscapeLeft UIInterfaceOrientationLandscapeRight";
				INFOPLIST_KEY_UISupportedInterfaceOrientations_iPhone = "UIInterfaceOrientationPortrait UIInterfaceOrientationLandscapeLeft UIInterfaceOrientationLandscapeRight";
				LD_RUNPATH_SEARCH_PATHS = (
					"$(inherited)",
					"@executable_path/Frameworks",
				);
				MARKETING_VERSION = 1.0;
				PRODUCT_BUNDLE_IDENTIFIER = com.itisnajim.NSideMenuApp;
				PRODUCT_NAME = "$(TARGET_NAME)";
				SWIFT_EMIT_LOC_STRINGS = YES;
				SWIFT_VERSION = 5.0;
				TARGETED_DEVICE_FAMILY = "1,2";
			};
			name = Release;
		};
		ED67B1C92757AAF20060A847 /* Debug */ = {
			isa = XCBuildConfiguration;
			buildSettings = {
				ALWAYS_EMBED_SWIFT_STANDARD_LIBRARIES = YES;
				BUNDLE_LOADER = "$(TEST_HOST)";
				CODE_SIGN_STYLE = Automatic;
				CURRENT_PROJECT_VERSION = 1;
				DEVELOPMENT_TEAM = V7SAGDD57A;
				GENERATE_INFOPLIST_FILE = YES;
				IPHONEOS_DEPLOYMENT_TARGET = 15.0;
				LD_RUNPATH_SEARCH_PATHS = (
					"$(inherited)",
					"@executable_path/Frameworks",
					"@loader_path/Frameworks",
				);
				MARKETING_VERSION = 1.0;
				PRODUCT_BUNDLE_IDENTIFIER = com.itisnajim.NSideMenuAppTests;
				PRODUCT_NAME = "$(TARGET_NAME)";
				SWIFT_EMIT_LOC_STRINGS = NO;
				SWIFT_VERSION = 5.0;
				TARGETED_DEVICE_FAMILY = "1,2";
				TEST_HOST = "$(BUILT_PRODUCTS_DIR)/NSideMenuApp.app/NSideMenuApp";
			};
			name = Debug;
		};
		ED67B1CA2757AAF20060A847 /* Release */ = {
			isa = XCBuildConfiguration;
			buildSettings = {
				ALWAYS_EMBED_SWIFT_STANDARD_LIBRARIES = YES;
				BUNDLE_LOADER = "$(TEST_HOST)";
				CODE_SIGN_STYLE = Automatic;
				CURRENT_PROJECT_VERSION = 1;
				DEVELOPMENT_TEAM = V7SAGDD57A;
				GENERATE_INFOPLIST_FILE = YES;
				IPHONEOS_DEPLOYMENT_TARGET = 15.0;
				LD_RUNPATH_SEARCH_PATHS = (
					"$(inherited)",
					"@executable_path/Frameworks",
					"@loader_path/Frameworks",
				);
				MARKETING_VERSION = 1.0;
				PRODUCT_BUNDLE_IDENTIFIER = com.itisnajim.NSideMenuAppTests;
				PRODUCT_NAME = "$(TARGET_NAME)";
				SWIFT_EMIT_LOC_STRINGS = NO;
				SWIFT_VERSION = 5.0;
				TARGETED_DEVICE_FAMILY = "1,2";
				TEST_HOST = "$(BUILT_PRODUCTS_DIR)/NSideMenuApp.app/NSideMenuApp";
			};
			name = Release;
		};
		ED67B1CC2757AAF20060A847 /* Debug */ = {
			isa = XCBuildConfiguration;
			buildSettings = {
				ALWAYS_EMBED_SWIFT_STANDARD_LIBRARIES = YES;
				CODE_SIGN_STYLE = Automatic;
				CURRENT_PROJECT_VERSION = 1;
				DEVELOPMENT_TEAM = V7SAGDD57A;
				GENERATE_INFOPLIST_FILE = YES;
				LD_RUNPATH_SEARCH_PATHS = (
					"$(inherited)",
					"@executable_path/Frameworks",
					"@loader_path/Frameworks",
				);
				MARKETING_VERSION = 1.0;
				PRODUCT_BUNDLE_IDENTIFIER = com.itisnajim.NSideMenuAppUITests;
				PRODUCT_NAME = "$(TARGET_NAME)";
				SWIFT_EMIT_LOC_STRINGS = NO;
				SWIFT_VERSION = 5.0;
				TARGETED_DEVICE_FAMILY = "1,2";
				TEST_TARGET_NAME = NSideMenuApp;
			};
			name = Debug;
		};
		ED67B1CD2757AAF20060A847 /* Release */ = {
			isa = XCBuildConfiguration;
			buildSettings = {
				ALWAYS_EMBED_SWIFT_STANDARD_LIBRARIES = YES;
				CODE_SIGN_STYLE = Automatic;
				CURRENT_PROJECT_VERSION = 1;
				DEVELOPMENT_TEAM = V7SAGDD57A;
				GENERATE_INFOPLIST_FILE = YES;
				LD_RUNPATH_SEARCH_PATHS = (
					"$(inherited)",
					"@executable_path/Frameworks",
					"@loader_path/Frameworks",
				);
				MARKETING_VERSION = 1.0;
				PRODUCT_BUNDLE_IDENTIFIER = com.itisnajim.NSideMenuAppUITests;
				PRODUCT_NAME = "$(TARGET_NAME)";
				SWIFT_EMIT_LOC_STRINGS = NO;
				SWIFT_VERSION = 5.0;
				TARGETED_DEVICE_FAMILY = "1,2";
				TEST_TARGET_NAME = NSideMenuApp;
			};
			name = Release;
		};
/* End XCBuildConfiguration section */

/* Begin XCConfigurationList section */
		ED67B19C2757AAF00060A847 /* Build configuration list for PBXProject "NSideMenuApp" */ = {
			isa = XCConfigurationList;
			buildConfigurations = (
				ED67B1C32757AAF20060A847 /* Debug */,
				ED67B1C42757AAF20060A847 /* Release */,
			);
			defaultConfigurationIsVisible = 0;
			defaultConfigurationName = Release;
		};
		ED67B1C52757AAF20060A847 /* Build configuration list for PBXNativeTarget "NSideMenuApp" */ = {
			isa = XCConfigurationList;
			buildConfigurations = (
				ED67B1C62757AAF20060A847 /* Debug */,
				ED67B1C72757AAF20060A847 /* Release */,
			);
			defaultConfigurationIsVisible = 0;
			defaultConfigurationName = Release;
		};
		ED67B1C82757AAF20060A847 /* Build configuration list for PBXNativeTarget "NSideMenuAppTests" */ = {
			isa = XCConfigurationList;
			buildConfigurations = (
				ED67B1C92757AAF20060A847 /* Debug */,
				ED67B1CA2757AAF20060A847 /* Release */,
			);
			defaultConfigurationIsVisible = 0;
			defaultConfigurationName = Release;
		};
		ED67B1CB2757AAF20060A847 /* Build configuration list for PBXNativeTarget "NSideMenuAppUITests" */ = {
			isa = XCConfigurationList;
			buildConfigurations = (
				ED67B1CC2757AAF20060A847 /* Debug */,
				ED67B1CD2757AAF20060A847 /* Release */,
			);
			defaultConfigurationIsVisible = 0;
			defaultConfigurationName = Release;
		};
/* End XCConfigurationList section */

/* Begin XCRemoteSwiftPackageReference section */
		EDF75270275A66A600D45A36 /* XCRemoteSwiftPackageReference "NSideMenu" */ = {
			isa = XCRemoteSwiftPackageReference;
			repositoryURL = "https://github.com/itisnajim/NSideMenu.git";
			requirement = {
				kind = upToNextMajorVersion;
				minimumVersion = 1.0.0;
			};
		};
/* End XCRemoteSwiftPackageReference section */

/* Begin XCSwiftPackageProductDependency section */
		EDF75271275A66A600D45A36 /* NSideMenu */ = {
			isa = XCSwiftPackageProductDependency;
			package = EDF75270275A66A600D45A36 /* XCRemoteSwiftPackageReference "NSideMenu" */;
			productName = NSideMenu;
		};
/* End XCSwiftPackageProductDependency section */
	};
	rootObject = ED67B1992757AAF00060A847 /* Project object */;
}
